
Microsoft Visual Studio Solution File, Format Version 12.00
# Visual Studio Version 16
VisualStudioVersion = 16.0.29728.190
MinimumVisualStudioVersion = 10.0.40219.1
Project("{FAE04EC0-301F-11D3-BF4B-00C04F79EFBC}") = "GPL_Appn", "GPL_Appn.csproj", "{E766EA23-C678-4A16-B9E7-8DBE48A2CD94}"
EndProject
Project("{FAE04EC0-301F-11D3-BF4B-00C04F79EFBC}") = "GPLUnitTestProject", "..\GPLUnitTestProject\GPLUnitTestProject.csproj", "{2E04CDD8-C505-41BE-BB59-BFBE265E259D}"
EndProject
Global
	GlobalSection(SolutionConfigurationPlatforms) = preSolution
		Debug|Any CPU = Debug|Any CPU
		Release|Any CPU = Release|Any CPU
	EndGlobalSection
	GlobalSection(ProjectConfigurationPlatforms) = postSolution
		{E766EA23-C678-4A16-B9E7-8DBE48A2CD94}.Debug|Any CPU.ActiveCfg = Debug|Any CPU
		{E766EA23-C678-4A16-B9E7-8DBE48A2CD94}.Debug|Any CPU.Build.0 = Debug|Any CPU
		{E766EA23-C678-4A16-B9E7-8DBE48A2CD94}.Release|Any CPU.ActiveCfg = Release|Any CPU
		{E766EA23-C678-4A16-B9E7-8DBE48A2CD94}.Release|Any CPU.Build.0 = Release|Any CPU
		{2E04CDD8-C505-41BE-BB59-BFBE265E259D}.Debug|Any CPU.ActiveCfg = Debug|Any CPU
		{2E04CDD8-C505-41BE-BB59-BFBE265E259D}.Debug|Any CPU.Build.0 = Debug|Any CPU
		{2E04CDD8-C505-41BE-BB59-BFBE265E259D}.Release|Any CPU.ActiveCfg = Release|Any CPU
		{2E04CDD8-C505-41BE-BB59-BFBE265E259D}.Release|Any CPU.Build.0 = Release|Any CPU
	EndGlobalSection
	GlobalSection(SolutionProperties) = preSolution
		HideSolutionNode = FALSE
	EndGlobalSection
	GlobalSection(ExtensibilityGlobals) = postSolution
		SolutionGuid = {3273F8CB-715B-4BB0-A256-19CE76F3FC4F}
	EndGlobalSection
EndGlobal
